
Microsoft Visual Studio Solution File, Format Version 12.00
# Visual Studio 15
VisualStudioVersion = 15.0.27004.2009
MinimumVisualStudioVersion = 10.0.40219.1
Project("{FAE04EC0-301F-11D3-BF4B-00C04F79EFBC}") = "BL", "BL\BL.csproj", "{05701026-CB44-40F7-98D1-871AE17E92D1}"
EndProject
Project("{FAE04EC0-301F-11D3-BF4B-00C04F79EFBC}") = "UI", "UI\UI.csproj", "{4341E11D-0A6E-46AE-B1E8-4286360F7658}"
EndProject
Global
	GlobalSection(SolutionConfigurationPlatforms) = preSolution
		Debug|Any CPU = Debug|Any CPU
		Release|Any CPU = Release|Any CPU
	EndGlobalSection
	GlobalSection(ProjectConfigurationPlatforms) = postSolution
		{05701026-CB44-40F7-98D1-871AE17E92D1}.Debug|Any CPU.ActiveCfg = Debug|Any CPU
		{05701026-CB44-40F7-98D1-871AE17E92D1}.Debug|Any CPU.Build.0 = Debug|Any CPU
		{05701026-CB44-40F7-98D1-871AE17E92D1}.Release|Any CPU.ActiveCfg = Release|Any CPU
		{05701026-CB44-40F7-98D1-871AE17E92D1}.Release|Any CPU.Build.0 = Release|Any CPU
		{4341E11D-0A6E-46AE-B1E8-4286360F7658}.Debug|Any CPU.ActiveCfg = Debug|Any CPU
		{4341E11D-0A6E-46AE-B1E8-4286360F7658}.Debug|Any CPU.Build.0 = Debug|Any CPU
		{4341E11D-0A6E-46AE-B1E8-4286360F7658}.Release|Any CPU.ActiveCfg = Release|Any CPU
		{4341E11D-0A6E-46AE-B1E8-4286360F7658}.Release|Any CPU.Build.0 = Release|Any CPU
	EndGlobalSection
	GlobalSection(SolutionProperties) = preSolution
		HideSolutionNode = FALSE
	EndGlobalSection
	GlobalSection(ExtensibilityGlobals) = postSolution
		SolutionGuid = {935A39AA-3AE2-4BA1-BDC4-E9DA6510335F}
	EndGlobalSection
EndGlobal
